
Microsoft Visual Studio Solution File, Format Version 12.00
# Visual Studio Version 17
VisualStudioVersion = 17.4.33110.190
MinimumVisualStudioVersion = 10.0.40219.1
Project("{FAE04EC0-301F-11D3-BF4B-00C04F79EFBC}") = "Декоратор", "Декоратор\Декоратор.csproj", "{2287EAC0-6919-4B20-AE82-5D271EE8067D}"
EndProject
Global
	GlobalSection(SolutionConfigurationPlatforms) = preSolution
		Debug|Any CPU = Debug|Any CPU
		Release|Any CPU = Release|Any CPU
	EndGlobalSection
	GlobalSection(ProjectConfigurationPlatforms) = postSolution
		{2287EAC0-6919-4B20-AE82-5D271EE8067D}.Debug|Any CPU.ActiveCfg = Debug|Any CPU
		{2287EAC0-6919-4B20-AE82-5D271EE8067D}.Debug|Any CPU.Build.0 = Debug|Any CPU
		{2287EAC0-6919-4B20-AE82-5D271EE8067D}.Release|Any CPU.ActiveCfg = Release|Any CPU
		{2287EAC0-6919-4B20-AE82-5D271EE8067D}.Release|Any CPU.Build.0 = Release|Any CPU
	EndGlobalSection
	GlobalSection(SolutionProperties) = preSolution
		HideSolutionNode = FALSE
	EndGlobalSection
	GlobalSection(ExtensibilityGlobals) = postSolution
		SolutionGuid = {3AAE92A3-7E2C-4715-9BE6-B1AB513BFA1C}
	EndGlobalSection
EndGlobal
